
Microsoft Visual Studio Solution File, Format Version 12.00
# Visual Studio Version 16
VisualStudioVersion = 16.0.32106.194
MinimumVisualStudioVersion = 10.0.40219.1
Project("{8BC9CEB8-8B4A-11D0-8D11-00A0C91BC942}") = "函数_002", "函数_002\函数_002.vcxproj", "{350E8A39-FB51-43E9-B782-52E02D9FDF0D}"
EndProject
Global
	GlobalSection(SolutionConfigurationPlatforms) = preSolution
		Debug|x64 = Debug|x64
		Debug|x86 = Debug|x86
		Release|x64 = Release|x64
		Release|x86 = Release|x86
	EndGlobalSection
	GlobalSection(ProjectConfigurationPlatforms) = postSolution
		{350E8A39-FB51-43E9-B782-52E02D9FDF0D}.Debug|x64.ActiveCfg = Debug|x64
		{350E8A39-FB51-43E9-B782-52E02D9FDF0D}.Debug|x64.Build.0 = Debug|x64
		{350E8A39-FB51-43E9-B782-52E02D9FDF0D}.Debug|x86.ActiveCfg = Debug|Win32
		{350E8A39-FB51-43E9-B782-52E02D9FDF0D}.Debug|x86.Build.0 = Debug|Win32
		{350E8A39-FB51-43E9-B782-52E02D9FDF0D}.Release|x64.ActiveCfg = Release|x64
		{350E8A39-FB51-43E9-B782-52E02D9FDF0D}.Release|x64.Build.0 = Release|x64
		{350E8A39-FB51-43E9-B782-52E02D9FDF0D}.Release|x86.ActiveCfg = Release|Win32
		{350E8A39-FB51-43E9-B782-52E02D9FDF0D}.Release|x86.Build.0 = Release|Win32
	EndGlobalSection
	GlobalSection(SolutionProperties) = preSolution
		HideSolutionNode = FALSE
	EndGlobalSection
	GlobalSection(ExtensibilityGlobals) = postSolution
		SolutionGuid = {903321BE-9B2A-4B08-B2AB-1EDC5F7F5D9B}
	EndGlobalSection
EndGlobal
