
Microsoft Visual Studio Solution File, Format Version 12.00
# Visual Studio Version 16
VisualStudioVersion = 16.0.32002.261
MinimumVisualStudioVersion = 10.0.40219.1
Project("{8BC9CEB8-8B4A-11D0-8D11-00A0C91BC942}") = "分支与循环", "分支与循环\分支与循环.vcxproj", "{FD8CF773-6090-42AC-9E27-CB9EB8E639AC}"
EndProject
Global
	GlobalSection(SolutionConfigurationPlatforms) = preSolution
		Debug|x64 = Debug|x64
		Debug|x86 = Debug|x86
		Release|x64 = Release|x64
		Release|x86 = Release|x86
	EndGlobalSection
	GlobalSection(ProjectConfigurationPlatforms) = postSolution
		{FD8CF773-6090-42AC-9E27-CB9EB8E639AC}.Debug|x64.ActiveCfg = Debug|x64
		{FD8CF773-6090-42AC-9E27-CB9EB8E639AC}.Debug|x64.Build.0 = Debug|x64
		{FD8CF773-6090-42AC-9E27-CB9EB8E639AC}.Debug|x86.ActiveCfg = Debug|Win32
		{FD8CF773-6090-42AC-9E27-CB9EB8E639AC}.Debug|x86.Build.0 = Debug|Win32
		{FD8CF773-6090-42AC-9E27-CB9EB8E639AC}.Release|x64.ActiveCfg = Release|x64
		{FD8CF773-6090-42AC-9E27-CB9EB8E639AC}.Release|x64.Build.0 = Release|x64
		{FD8CF773-6090-42AC-9E27-CB9EB8E639AC}.Release|x86.ActiveCfg = Release|Win32
		{FD8CF773-6090-42AC-9E27-CB9EB8E639AC}.Release|x86.Build.0 = Release|Win32
	EndGlobalSection
	GlobalSection(SolutionProperties) = preSolution
		HideSolutionNode = FALSE
	EndGlobalSection
	GlobalSection(ExtensibilityGlobals) = postSolution
		SolutionGuid = {A20F48BE-B391-48E0-9DF3-3E86A2FF7406}
	EndGlobalSection
EndGlobal
